
Microsoft Visual Studio Solution File, Format Version 12.00
# Visual Studio Version 17
VisualStudioVersion = 17.6.33712.159
MinimumVisualStudioVersion = 10.0.40219.1
Project("{9A19103F-16F7-4668-BE54-9A1E7A4F7556}") = "TgLib", "TgLib\TgLib.csproj", "{C813264D-78A2-4368-A188-C91DD959A9EA}"
EndProject
Project("{9A19103F-16F7-4668-BE54-9A1E7A4F7556}") = "TgLibTests", "TgLibTests\TgLibTests.csproj", "{B2EA9FC6-1E21-433D-9D52-A322CCD2DD12}"
EndProject
Global
	GlobalSection(SolutionConfigurationPlatforms) = preSolution
		Debug|Any CPU = Debug|Any CPU
		Release|Any CPU = Release|Any CPU
	EndGlobalSection
	GlobalSection(ProjectConfigurationPlatforms) = postSolution
		{C813264D-78A2-4368-A188-C91DD959A9EA}.Debug|Any CPU.ActiveCfg = Debug|Any CPU
		{C813264D-78A2-4368-A188-C91DD959A9EA}.Debug|Any CPU.Build.0 = Debug|Any CPU
		{C813264D-78A2-4368-A188-C91DD959A9EA}.Release|Any CPU.ActiveCfg = Release|Any CPU
		{C813264D-78A2-4368-A188-C91DD959A9EA}.Release|Any CPU.Build.0 = Release|Any CPU
		{B2EA9FC6-1E21-433D-9D52-A322CCD2DD12}.Debug|Any CPU.ActiveCfg = Debug|Any CPU
		{B2EA9FC6-1E21-433D-9D52-A322CCD2DD12}.Debug|Any CPU.Build.0 = Debug|Any CPU
		{B2EA9FC6-1E21-433D-9D52-A322CCD2DD12}.Release|Any CPU.ActiveCfg = Release|Any CPU
		{B2EA9FC6-1E21-433D-9D52-A322CCD2DD12}.Release|Any CPU.Build.0 = Release|Any CPU
	EndGlobalSection
	GlobalSection(SolutionProperties) = preSolution
		HideSolutionNode = FALSE
	EndGlobalSection
	GlobalSection(ExtensibilityGlobals) = postSolution
		SolutionGuid = {D4E2EAF0-7D16-42DB-B54B-D492F5A0E7E4}
	EndGlobalSection
EndGlobal
